
Microsoft Visual Studio Solution File, Format Version 12.00
# Visual Studio 15
VisualStudioVersion = 15.0.27703.2042
MinimumVisualStudioVersion = 10.0.40219.1
Project("{FAE04EC0-301F-11D3-BF4B-00C04F79EFBC}") = "Ray-Ketcham-CST-117-Exercise-8", "Ray-Ketcham-CST-117-Exercise-8\Ray-Ketcham-CST-117-Exercise-8.csproj", "{ED835F7B-44F5-4BFE-B784-4BCFE57A3726}"
EndProject
Global
	GlobalSection(SolutionConfigurationPlatforms) = preSolution
		Debug|Any CPU = Debug|Any CPU
		Release|Any CPU = Release|Any CPU
	EndGlobalSection
	GlobalSection(ProjectConfigurationPlatforms) = postSolution
		{ED835F7B-44F5-4BFE-B784-4BCFE57A3726}.Debug|Any CPU.ActiveCfg = Debug|Any CPU
		{ED835F7B-44F5-4BFE-B784-4BCFE57A3726}.Debug|Any CPU.Build.0 = Debug|Any CPU
		{ED835F7B-44F5-4BFE-B784-4BCFE57A3726}.Release|Any CPU.ActiveCfg = Release|Any CPU
		{ED835F7B-44F5-4BFE-B784-4BCFE57A3726}.Release|Any CPU.Build.0 = Release|Any CPU
	EndGlobalSection
	GlobalSection(SolutionProperties) = preSolution
		HideSolutionNode = FALSE
	EndGlobalSection
	GlobalSection(ExtensibilityGlobals) = postSolution
		SolutionGuid = {DF4852A6-8245-4AAF-BD0E-58B30A4E794D}
	EndGlobalSection
EndGlobal
